
Microsoft Visual Studio Solution File, Format Version 12.00
# Visual Studio 15
VisualStudioVersion = 15.0.27703.2026
MinimumVisualStudioVersion = 10.0.40219.1
Project("{9A19103F-16F7-4668-BE54-9A1E7A4F7556}") = "PocAnomaly", "PocAnomaly\PocAnomaly.csproj", "{D95090D7-2869-4F34-AA26-3A23B8634471}"
EndProject
Global
	GlobalSection(SolutionConfigurationPlatforms) = preSolution
		Debug|Any CPU = Debug|Any CPU
		Release|Any CPU = Release|Any CPU
	EndGlobalSection
	GlobalSection(ProjectConfigurationPlatforms) = postSolution
		{D95090D7-2869-4F34-AA26-3A23B8634471}.Debug|Any CPU.ActiveCfg = Debug|Any CPU
		{D95090D7-2869-4F34-AA26-3A23B8634471}.Debug|Any CPU.Build.0 = Debug|Any CPU
		{D95090D7-2869-4F34-AA26-3A23B8634471}.Release|Any CPU.ActiveCfg = Release|Any CPU
		{D95090D7-2869-4F34-AA26-3A23B8634471}.Release|Any CPU.Build.0 = Release|Any CPU
	EndGlobalSection
	GlobalSection(SolutionProperties) = preSolution
		HideSolutionNode = FALSE
	EndGlobalSection
	GlobalSection(ExtensibilityGlobals) = postSolution
		SolutionGuid = {F4C9E938-8AA3-4144-8DF6-E4821FBB5D71}
	EndGlobalSection
EndGlobal
